{
    "_meta": {
        "hash": {
            "sha256": "64860c28a3a4dfde0c4f33bd9b41ca6b9103d219fc9a3d7019ec1aebf1682429"
        },
        "pipfile-spec": 6,
        "requires": {
            "python_version": "3.6"
        },
        "sources": [
            {
                "name": "pypi",
                "url": "https://pypi.org/simple",
                "verify_ssl": true
            }
        ]
    },
    "default": {
        "certifi": {
            "hashes": [
                "sha256:2bbf76fd432960138b3ef6dda3dde0544f27cbf8546c458e60baf371917ba9ee",
                "sha256:50b1e4f8446b06f41be7dd6338db18e0990601dce795c2b1686458aa7e8fa7d8"
            ],
            "version": "==2021.5.30"
        },
        "dulwich": {
            "hashes": [
                "sha256:c51e10c260543240e0806052af046e1a78b98cbe1ac1ef3880a78d2269e09da4"
            ],
            "index": "pypi",
            "version": "==0.19.2"
        },
        "urllib3": {
            "hashes": [
                "sha256:753a0374df26658f99d826cfe40394a686d05985786d946fbe4165b5148f5a7c",
                "sha256:a7acd0977125325f516bda9735fa7142b909a8d01e8b2e4c8108d0984e6e0098"
            ],
            "index": "pypi",
            "version": "==1.26.5"
        }
    },
    "develop": {}
}
