{
    "_meta": {
        "hash": {
            "sha256": "64860c28a3a4dfde0c4f33bd9b41ca6b9103d219fc9a3d7019ec1aebf1682429"
        },
        "host-environment-markers": {
            "implementation_name": "cpython",
            "implementation_version": "3.6.5",
            "os_name": "posix",
            "platform_machine": "x86_64",
            "platform_python_implementation": "CPython",
            "platform_release": "4.4.0-98-generic",
            "platform_system": "Linux",
            "platform_version": "#121-Ubuntu SMP Tue Oct 10 14:24:03 UTC 2017",
            "python_full_version": "3.6.5",
            "python_version": "3.6",
            "sys_platform": "linux"
        },
        "pipfile-spec": 6,
        "requires": {
            "python_version": "3.6"
        },
        "sources": [
            {
                "name": "pypi",
                "url": "https://pypi.org/simple",
                "verify_ssl": true
            }
        ]
    },
    "default": {
        "certifi": {
            "hashes": [],
            "version": "==2018.4.16"
        },
        "dulwich": {
            "hashes": [],
            "version": "==0.19.2"
        },
        "urllib3": {
            "hashes": [],
            "version": "==1.22"
        }
    },
    "develop": {}
}
